
Microsoft Visual Studio Solution File, Format Version 12.00
# Visual Studio Version 17
VisualStudioVersion = 17.7.34221.43
MinimumVisualStudioVersion = 10.0.40219.1
Project("{FAE04EC0-301F-11D3-BF4B-00C04F79EFBC}") = "FrontEnd", "FrontEnd\FrontEnd.csproj", "{4399A1F8-D4F3-49C5-88F8-03105D8C7165}"
EndProject
Project("{FAE04EC0-301F-11D3-BF4B-00C04F79EFBC}") = "Backend2", "Backend2\Backend2.csproj", "{0D74533A-D5B1-489A-ACBC-D7F771C8446C}"
EndProject
Global
	GlobalSection(SolutionConfigurationPlatforms) = preSolution
		Debug|Any CPU = Debug|Any CPU
		Release|Any CPU = Release|Any CPU
	EndGlobalSection
	GlobalSection(ProjectConfigurationPlatforms) = postSolution
		{4399A1F8-D4F3-49C5-88F8-03105D8C7165}.Debug|Any CPU.ActiveCfg = Debug|Any CPU
		{4399A1F8-D4F3-49C5-88F8-03105D8C7165}.Debug|Any CPU.Build.0 = Debug|Any CPU
		{4399A1F8-D4F3-49C5-88F8-03105D8C7165}.Release|Any CPU.ActiveCfg = Release|Any CPU
		{4399A1F8-D4F3-49C5-88F8-03105D8C7165}.Release|Any CPU.Build.0 = Release|Any CPU
		{0D74533A-D5B1-489A-ACBC-D7F771C8446C}.Debug|Any CPU.ActiveCfg = Debug|Any CPU
		{0D74533A-D5B1-489A-ACBC-D7F771C8446C}.Debug|Any CPU.Build.0 = Debug|Any CPU
		{0D74533A-D5B1-489A-ACBC-D7F771C8446C}.Release|Any CPU.ActiveCfg = Release|Any CPU
		{0D74533A-D5B1-489A-ACBC-D7F771C8446C}.Release|Any CPU.Build.0 = Release|Any CPU
	EndGlobalSection
	GlobalSection(SolutionProperties) = preSolution
		HideSolutionNode = FALSE
	EndGlobalSection
	GlobalSection(ExtensibilityGlobals) = postSolution
		SolutionGuid = {618D0A25-D13B-4D4A-BA20-F873242EA89A}
	EndGlobalSection
EndGlobal
